
Microsoft Visual Studio Solution File, Format Version 12.00
# Visual Studio 15
VisualStudioVersion = 15.0.28010.2050
MinimumVisualStudioVersion = 10.0.40219.1
Project("{8BC9CEB8-8B4A-11D0-8D11-00A0C91BC942}") = "two_stage", "two_stage\two_stage.vcxproj", "{CFC5388C-8EAD-4AD1-B608-2E7CA18BF721}"
EndProject
Global
	GlobalSection(SolutionConfigurationPlatforms) = preSolution
		Debug|x64 = Debug|x64
		Debug|x86 = Debug|x86
		Release|x64 = Release|x64
		Release|x86 = Release|x86
	EndGlobalSection
	GlobalSection(ProjectConfigurationPlatforms) = postSolution
		{CFC5388C-8EAD-4AD1-B608-2E7CA18BF721}.Debug|x64.ActiveCfg = Debug|x64
		{CFC5388C-8EAD-4AD1-B608-2E7CA18BF721}.Debug|x64.Build.0 = Debug|x64
		{CFC5388C-8EAD-4AD1-B608-2E7CA18BF721}.Debug|x86.ActiveCfg = Debug|Win32
		{CFC5388C-8EAD-4AD1-B608-2E7CA18BF721}.Debug|x86.Build.0 = Debug|Win32
		{CFC5388C-8EAD-4AD1-B608-2E7CA18BF721}.Release|x64.ActiveCfg = Release|x64
		{CFC5388C-8EAD-4AD1-B608-2E7CA18BF721}.Release|x64.Build.0 = Release|x64
		{CFC5388C-8EAD-4AD1-B608-2E7CA18BF721}.Release|x86.ActiveCfg = Release|Win32
		{CFC5388C-8EAD-4AD1-B608-2E7CA18BF721}.Release|x86.Build.0 = Release|Win32
	EndGlobalSection
	GlobalSection(SolutionProperties) = preSolution
		HideSolutionNode = FALSE
	EndGlobalSection
	GlobalSection(ExtensibilityGlobals) = postSolution
		SolutionGuid = {8A5A9648-5878-4885-B572-801931AA7790}
	EndGlobalSection
EndGlobal
